
Microsoft Visual Studio Solution File, Format Version 12.00
# Visual Studio Version 16
VisualStudioVersion = 16.0.28803.452
MinimumVisualStudioVersion = 10.0.40219.1
Project("{2150E333-8FDC-42A3-9474-1A3956D46DE8}") = "src", "src", "{8D7BBB95-7B19-4CF9-BCFB-A968C18C1806}"
EndProject
Project("{9A19103F-16F7-4668-BE54-9A1E7A4F7556}") = "ReportPortal.Extensions.FlowBack", "src\ReportPortal.Extensions.FlowBack\ReportPortal.Extensions.FlowBack.csproj", "{8B1B17CF-ACB2-42BC-B0B5-A2864D05B8E0}"
EndProject
Project("{9A19103F-16F7-4668-BE54-9A1E7A4F7556}") = "ReportPortal.Extensions.FlowBack.Task", "src\ReportPortal.Extensions.FlowBack.Task\ReportPortal.Extensions.FlowBack.Task.csproj", "{919238C6-D099-4EAA-B7D1-A741D8870766}"
EndProject
Global
	GlobalSection(SolutionConfigurationPlatforms) = preSolution
		Debug|Any CPU = Debug|Any CPU
		Release|Any CPU = Release|Any CPU
	EndGlobalSection
	GlobalSection(ProjectConfigurationPlatforms) = postSolution
		{8B1B17CF-ACB2-42BC-B0B5-A2864D05B8E0}.Debug|Any CPU.ActiveCfg = Debug|Any CPU
		{8B1B17CF-ACB2-42BC-B0B5-A2864D05B8E0}.Debug|Any CPU.Build.0 = Debug|Any CPU
		{8B1B17CF-ACB2-42BC-B0B5-A2864D05B8E0}.Release|Any CPU.ActiveCfg = Release|Any CPU
		{8B1B17CF-ACB2-42BC-B0B5-A2864D05B8E0}.Release|Any CPU.Build.0 = Release|Any CPU
		{919238C6-D099-4EAA-B7D1-A741D8870766}.Debug|Any CPU.ActiveCfg = Debug|Any CPU
		{919238C6-D099-4EAA-B7D1-A741D8870766}.Debug|Any CPU.Build.0 = Debug|Any CPU
		{919238C6-D099-4EAA-B7D1-A741D8870766}.Release|Any CPU.ActiveCfg = Release|Any CPU
		{919238C6-D099-4EAA-B7D1-A741D8870766}.Release|Any CPU.Build.0 = Release|Any CPU
	EndGlobalSection
	GlobalSection(SolutionProperties) = preSolution
		HideSolutionNode = FALSE
	EndGlobalSection
	GlobalSection(NestedProjects) = preSolution
		{8B1B17CF-ACB2-42BC-B0B5-A2864D05B8E0} = {8D7BBB95-7B19-4CF9-BCFB-A968C18C1806}
		{919238C6-D099-4EAA-B7D1-A741D8870766} = {8D7BBB95-7B19-4CF9-BCFB-A968C18C1806}
	EndGlobalSection
	GlobalSection(ExtensibilityGlobals) = postSolution
		SolutionGuid = {F3FCBE24-0D60-43F0-BF59-FC3653614D21}
	EndGlobalSection
EndGlobal
